{
  "name": "workspace-sample",
  "version": "1.0.0",
  "lockfileVersion": 2,
  "requires": true,
  "packages": {
    "": {
      "name": "workspace-sample",
      "version": "1.0.0",
      "license": "MIT",
      "workspaces": [
        "packages/common",
        "packages/a",
        "packages/b"
      ]
    },
    "node_modules/a": {
      "resolved": "packages/a",
      "link": true
    },
    "node_modules/b": {
      "resolved": "packages/b",
      "link": true
    },
    "node_modules/common": {
      "resolved": "packages/common",
      "link": true
    },
    "packages/a": {
      "version": "1.0.0",
      "license": "MIT",
      "dependencies": {
        "common": "1.0.0"
      }
    },
    "packages/b": {
      "version": "1.0.0",
      "license": "MIT"
    },
    "packages/common": {
      "version": "1.0.0",
      "license": "MIT"
    }
  },
  "dependencies": {
    "a": {
      "version": "file:packages/a",
      "requires": {
        "common": "1.0.0"
      }
    },
    "b": {
      "version": "file:packages/b"
    },
    "common": {
      "version": "file:packages/common"
    }
  }
}
